<?xml version="1.0" encoding="utf-8"?>
<Project ToolsVersion="4.0" xmlns="http://schemas.microsoft.com/developer/msbuild/2003">
  <ItemGroup>
    <Filter Include="Source Files">
      <UniqueIdentifier>{4FC737F1-C7A5-4376-A066-2A32D752A2FF}</UniqueIdentifier>
      <Extensions>cpp;c;cc;cxx;def;odl;idl;hpj;bat;asm;asmx</Extensions>
    </Filter>
    <Filter Include="Header Files">
      <UniqueIdentifier>{93995380-89BD-4b04-88EB-625FBE52EBFB}</UniqueIdentifier>
      <Extensions>h;hh;hpp;hxx;hm;inl;inc;xsd</Extensions>
    </Filter>
    <Filter Include="Resource Files">
      <UniqueIdentifier>{67DA6AB6-F800-4c08-8B7A-83BB121AAD01}</UniqueIdentifier>
      <Extensions>rc;ico;cur;bmp;dlg;rc2;rct;bin;rgs;gif;jpg;jpeg;jpe;resx;tiff;tif;png;wav;mfcribbon-ms</Extensions>
    </Filter>
  </ItemGroup>
  <ItemGroup>
    <ClInclude Include="..\..\nlp_common\_simpleTrie.h">
      <Filter>Header Files</Filter>
    </ClInclude>
    <ClInclude Include="..\..\nlp_common\awkInputStream.h">
      <Filter>Header Files</Filter>
    </ClInclude>
    <ClInclude Include="..\..\nlp_common\BackoffNode.h">
      <Filter>Header Files</Filter>
    </ClInclude>
    <ClInclude Include="..\..\nlp_common\BaseIncrNgramLM.h">
      <Filter>Header Files</Filter>
    </ClInclude>
    <ClInclude Include="..\..\nlp_common\BaseNgramLM.h">
      <Filter>Header Files</Filter>
    </ClInclude>
    <ClInclude Include="..\..\nlp_common\Bitset.h">
      <Filter>Header Files</Filter>
    </ClInclude>
    <ClInclude Include="..\..\nlp_common\ClassDic.h">
      <Filter>Header Files</Filter>
    </ClInclude>
    <ClInclude Include="..\..\nlp_common\Count.h">
      <Filter>Header Files</Filter>
    </ClInclude>
    <ClInclude Include="..\..\nlp_common\ErrorDefs.h">
      <Filter>Header Files</Filter>
    </ClInclude>
    <ClInclude Include="..\..\nlp_common\getdelim.h">
      <Filter>Header Files</Filter>
    </ClInclude>
    <ClInclude Include="..\..\nlp_common\getline.h">
      <Filter>Header Files</Filter>
    </ClInclude>
    <ClInclude Include="..\..\nlp_common\ins_op_pair.h">
      <Filter>Header Files</Filter>
    </ClInclude>
    <ClInclude Include="..\..\nlp_common\LM_Defs.h">
      <Filter>Header Files</Filter>
    </ClInclude>
    <ClInclude Include="..\..\nlp_common\LogCount.h">
      <Filter>Header Files</Filter>
    </ClInclude>
    <ClInclude Include="..\..\nlp_common\lt_op_vec.h">
      <Filter>Header Files</Filter>
    </ClInclude>
    <ClInclude Include="..\..\nlp_common\MathDefs.h">
      <Filter>Header Files</Filter>
    </ClInclude>
    <ClInclude Include="..\..\nlp_common\MathFuncs.h">
      <Filter>Header Files</Filter>
    </ClInclude>
    <ClInclude Include="..\..\nlp_common\mem_alloc_utils.h">
      <Filter>Header Files</Filter>
    </ClInclude>
    <ClInclude Include="..\..\nlp_common\myVector.h">
      <Filter>Header Files</Filter>
    </ClInclude>
    <ClInclude Include="..\..\nlp_common\NbestTableNode.h">
      <Filter>Header Files</Filter>
    </ClInclude>
    <ClInclude Include="..\..\nlp_common\NbestTransTable.h">
      <Filter>Header Files</Filter>
    </ClInclude>
    <ClInclude Include="..\..\nlp_common\options.h">
      <Filter>Header Files</Filter>
    </ClInclude>
    <ClInclude Include="..\..\nlp_common\OrderedVector.h">
      <Filter>Header Files</Filter>
    </ClInclude>
    <ClInclude Include="..\..\nlp_common\PositionIndex.h">
      <Filter>Header Files</Filter>
    </ClInclude>
    <ClInclude Include="..\..\nlp_common\printAligFuncs.h">
      <Filter>Header Files</Filter>
    </ClInclude>
    <ClInclude Include="..\..\nlp_common\Prob.h">
      <Filter>Header Files</Filter>
    </ClInclude>
    <ClInclude Include="..\..\nlp_common\Score.h">
      <Filter>Header Files</Filter>
    </ClInclude>
    <ClInclude Include="..\..\nlp_common\SimpleTrie.h">
      <Filter>Header Files</Filter>
    </ClInclude>
    <ClInclude Include="..\..\nlp_common\SingleWordVocab.h">
      <Filter>Header Files</Filter>
    </ClInclude>
    <ClInclude Include="..\..\nlp_common\StatModelDefs.h">
      <Filter>Header Files</Filter>
    </ClInclude>
    <ClInclude Include="..\..\nlp_common\StrProcUtils.h">
      <Filter>Header Files</Filter>
    </ClInclude>
    <ClInclude Include="..\..\nlp_common\Trie.h">
      <Filter>Header Files</Filter>
    </ClInclude>
    <ClInclude Include="..\..\nlp_common\TrieBid.h">
      <Filter>Header Files</Filter>
    </ClInclude>
    <ClInclude Include="..\..\nlp_common\TrieBidOfWords.h">
      <Filter>Header Files</Filter>
    </ClInclude>
    <ClInclude Include="..\..\nlp_common\TrieOfWords.h">
      <Filter>Header Files</Filter>
    </ClInclude>
    <ClInclude Include="..\..\nlp_common\TrieVecs.h">
      <Filter>Header Files</Filter>
    </ClInclude>
    <ClInclude Include="..\..\nlp_common\uiHashF.h">
      <Filter>Header Files</Filter>
    </ClInclude>
    <ClInclude Include="..\..\nlp_common\uiPairHashF.h">
      <Filter>Header Files</Filter>
    </ClInclude>
    <ClInclude Include="..\..\nlp_common\WordAligMatrix.h">
      <Filter>Header Files</Filter>
    </ClInclude>
    <ClInclude Include="..\..\nlp_common\WordIndex.h">
      <Filter>Header Files</Filter>
    </ClInclude>
    <ClInclude Include="..\..\nlp_common\ctimer.h">
      <Filter>Header Files</Filter>
    </ClInclude>
    <ClInclude Include="..\..\nlp_common\TranslationData.h">
      <Filter>Header Files</Filter>
    </ClInclude>
    <ClInclude Include="..\..\nlp_common\DynClassFileHandler.h">
      <Filter>Header Files</Filter>
    </ClInclude>
    <ClInclude Include="..\..\nlp_common\SimpleDynClassLoader.h">
      <Filter>Header Files</Filter>
    </ClInclude>
    <ClInclude Include="..\..\nlp_common\SmtDefs.h">
      <Filter>Header Files</Filter>
    </ClInclude>
  </ItemGroup>
  <ItemGroup>
    <ClCompile Include="..\..\nlp_common\awkInputStream.cc">
      <Filter>Source Files</Filter>
    </ClCompile>
    <ClCompile Include="..\..\nlp_common\ClassDic.cc">
      <Filter>Source Files</Filter>
    </ClCompile>
    <ClCompile Include="..\..\nlp_common\getdelim.c">
      <Filter>Source Files</Filter>
    </ClCompile>
    <ClCompile Include="..\..\nlp_common\getline.c">
      <Filter>Source Files</Filter>
    </ClCompile>
    <ClCompile Include="..\..\nlp_common\MathFuncs.cc">
      <Filter>Source Files</Filter>
    </ClCompile>
    <ClCompile Include="..\..\nlp_common\mem_alloc_utils.cc">
      <Filter>Source Files</Filter>
    </ClCompile>
    <ClCompile Include="..\..\nlp_common\options.cc">
      <Filter>Source Files</Filter>
    </ClCompile>
    <ClCompile Include="..\..\nlp_common\printAligFuncs.cc">
      <Filter>Source Files</Filter>
    </ClCompile>
    <ClCompile Include="..\..\nlp_common\Prob.cc">
      <Filter>Source Files</Filter>
    </ClCompile>
    <ClCompile Include="..\..\nlp_common\SingleWordVocab.cc">
      <Filter>Source Files</Filter>
    </ClCompile>
    <ClCompile Include="..\..\nlp_common\StrProcUtils.cc">
      <Filter>Source Files</Filter>
    </ClCompile>
    <ClCompile Include="..\..\nlp_common\WordAligMatrix.cc">
      <Filter>Source Files</Filter>
    </ClCompile>
    <ClCompile Include="..\..\nlp_common\ctimer.c">
      <Filter>Source Files</Filter>
    </ClCompile>
    <ClCompile Include="..\..\nlp_common\DynClassFileHandler.cc">
      <Filter>Source Files</Filter>
    </ClCompile>
  </ItemGroup>
</Project>