<?xml version="1.0" encoding="utf-8"?>
<Project ToolsVersion="4.0" xmlns="http://schemas.microsoft.com/developer/msbuild/2003">
  <ItemGroup>
    <Filter Include="Source Files">
      <UniqueIdentifier>{4FC737F1-C7A5-4376-A066-2A32D752A2FF}</UniqueIdentifier>
      <Extensions>cpp;c;cc;cxx;def;odl;idl;hpj;bat;asm;asmx</Extensions>
    </Filter>
    <Filter Include="Header Files">
      <UniqueIdentifier>{93995380-89BD-4b04-88EB-625FBE52EBFB}</UniqueIdentifier>
      <Extensions>h;hh;hpp;hxx;hm;inl;inc;xsd</Extensions>
    </Filter>
    <Filter Include="Resource Files">
      <UniqueIdentifier>{67DA6AB6-F800-4c08-8B7A-83BB121AAD01}</UniqueIdentifier>
      <Extensions>rc;ico;cur;bmp;dlg;rc2;rct;bin;rgs;gif;jpg;jpeg;jpe;resx;tiff;tif;png;wav;mfcribbon-ms</Extensions>
    </Filter>
  </ItemGroup>
  <ItemGroup>
    <ClInclude Include="..\..\phrase_models\_incrPhraseModel.h">
      <Filter>Header Files</Filter>
    </ClInclude>
    <ClInclude Include="..\..\phrase_models\_wbaIncrPhraseModel.h">
      <Filter>Header Files</Filter>
    </ClInclude>
    <ClInclude Include="..\..\phrase_models\PhraseExtractionTable.h">
      <Filter>Header Files</Filter>
    </ClInclude>
    <ClInclude Include="..\..\phrase_models\WbaIncrPhraseModel.h">
      <Filter>Header Files</Filter>
    </ClInclude>
    <ClInclude Include="..\..\phrase_models\AligInfo.h">
      <Filter>Header Files</Filter>
    </ClInclude>
    <ClInclude Include="..\..\phrase_models\AlignmentContainer.h">
      <Filter>Header Files</Filter>
    </ClInclude>
    <ClInclude Include="..\..\phrase_models\AlignmentExtractor.h">
      <Filter>Header Files</Filter>
    </ClInclude>
    <ClInclude Include="..\..\phrase_models\BaseCountPhraseModel.h">
      <Filter>Header Files</Filter>
    </ClInclude>
    <ClInclude Include="..\..\phrase_models\BaseIncrPhraseModel.h">
      <Filter>Header Files</Filter>
    </ClInclude>
    <ClInclude Include="..\..\phrase_models\BasePhraseModel.h">
      <Filter>Header Files</Filter>
    </ClInclude>
    <ClInclude Include="..\..\phrase_models\BasePhraseTable.h">
      <Filter>Header Files</Filter>
    </ClInclude>
    <ClInclude Include="..\..\phrase_models\BpSet.h">
      <Filter>Header Files</Filter>
    </ClInclude>
    <ClInclude Include="..\..\phrase_models\BpSetInfo.h">
      <Filter>Header Files</Filter>
    </ClInclude>
    <ClInclude Include="..\..\phrase_models\CellAlignment.h">
      <Filter>Header Files</Filter>
    </ClInclude>
    <ClInclude Include="..\..\phrase_models\CellID.h">
      <Filter>Header Files</Filter>
    </ClInclude>
    <ClInclude Include="..\..\phrase_models\PhraseDefs.h">
      <Filter>Header Files</Filter>
    </ClInclude>
    <ClInclude Include="..\..\phrase_models\PhraseExtractionCell.h">
      <Filter>Header Files</Filter>
    </ClInclude>
    <ClInclude Include="..\..\phrase_models\PhraseExtractParameters.h">
      <Filter>Header Files</Filter>
    </ClInclude>
    <ClInclude Include="..\..\phrase_models\PhraseId.h">
      <Filter>Header Files</Filter>
    </ClInclude>
    <ClInclude Include="..\..\phrase_models\PhrasePair.h">
      <Filter>Header Files</Filter>
    </ClInclude>
    <ClInclude Include="..\..\phrase_models\PhrasePairInfo.h">
      <Filter>Header Files</Filter>
    </ClInclude>
    <ClInclude Include="..\..\phrase_models\PhraseSortCriterion.h">
      <Filter>Header Files</Filter>
    </ClInclude>
    <ClInclude Include="..\..\phrase_models\PhraseTransTableNodeData.h">
      <Filter>Header Files</Filter>
    </ClInclude>
    <ClInclude Include="..\..\phrase_models\SegLenTable.h">
      <Filter>Header Files</Filter>
    </ClInclude>
    <ClInclude Include="..\..\phrase_models\SentSegmentation.h">
      <Filter>Header Files</Filter>
    </ClInclude>
    <ClInclude Include="..\..\phrase_models\SrcSegmLenTable.h">
      <Filter>Header Files</Filter>
    </ClInclude>
    <ClInclude Include="..\..\phrase_models\SrfBisegm.h">
      <Filter>Header Files</Filter>
    </ClInclude>
    <ClInclude Include="..\..\phrase_models\SrfNodeInfo.h">
      <Filter>Header Files</Filter>
    </ClInclude>
    <ClInclude Include="..\..\phrase_models\SrfNodeInfoMap.h">
      <Filter>Header Files</Filter>
    </ClInclude>
    <ClInclude Include="..\..\phrase_models\SrfNodeKey.h">
      <Filter>Header Files</Filter>
    </ClInclude>
    <ClInclude Include="..\..\phrase_models\TrgCutsTable.h">
      <Filter>Header Files</Filter>
    </ClInclude>
    <ClInclude Include="..\..\phrase_models\TrgSegmLenTable.h">
      <Filter>Header Files</Filter>
    </ClInclude>
    <ClInclude Include="..\..\phrase_models\VecUnsignedIntSortCriterion.h">
      <Filter>Header Files</Filter>
    </ClInclude>
    <ClInclude Include="..\..\phrase_models\BasePhrasePairFilter.h">
      <Filter>Header Files</Filter>
    </ClInclude>
    <ClInclude Include="..\..\phrase_models\CategPhrasePairFilter.h">
      <Filter>Header Files</Filter>
    </ClInclude>
    <ClInclude Include="..\..\phrase_models\IncrPhraseModel.h">
      <Filter>Header Files</Filter>
    </ClInclude>
    <ClInclude Include="..\..\phrase_models\StlPhraseTable.h">
      <Filter>Header Files</Filter>
    </ClInclude>
    <ClInclude Include="..\..\phrase_models\StrictCategPhrasePairFilter.h">
      <Filter>Header Files</Filter>
    </ClInclude>
    <ClInclude Include="..\..\phrase_models\PhraseExtractUtils.h">
      <Filter>Header Files</Filter>
    </ClInclude>
    <ClInclude Include="..\..\phrase_models\HatTriePhraseTable.h">
      <Filter>Header Files</Filter>
    </ClInclude>
  </ItemGroup>
  <ItemGroup>
    <ClCompile Include="..\..\phrase_models\_incrPhraseModel.cc">
      <Filter>Source Files</Filter>
    </ClCompile>
    <ClCompile Include="..\..\phrase_models\_wbaIncrPhraseModel.cc">
      <Filter>Source Files</Filter>
    </ClCompile>
    <ClCompile Include="..\..\phrase_models\PhraseExtractionTable.cc">
      <Filter>Source Files</Filter>
    </ClCompile>
    <ClCompile Include="..\..\phrase_models\WbaIncrPhraseModel.cc">
      <Filter>Source Files</Filter>
    </ClCompile>
    <ClCompile Include="..\..\phrase_models\AlignmentContainer.cc">
      <Filter>Source Files</Filter>
    </ClCompile>
    <ClCompile Include="..\..\phrase_models\AlignmentExtractor.cc">
      <Filter>Source Files</Filter>
    </ClCompile>
    <ClCompile Include="..\..\phrase_models\BaseIncrPhraseModel.cc">
      <Filter>Source Files</Filter>
    </ClCompile>
    <ClCompile Include="..\..\phrase_models\BasePhraseModel.cc">
      <Filter>Source Files</Filter>
    </ClCompile>
    <ClCompile Include="..\..\phrase_models\BpSet.cc">
      <Filter>Source Files</Filter>
    </ClCompile>
    <ClCompile Include="..\..\phrase_models\SegLenTable.cc">
      <Filter>Source Files</Filter>
    </ClCompile>
    <ClCompile Include="..\..\phrase_models\SrcSegmLenTable.cc">
      <Filter>Source Files</Filter>
    </ClCompile>
    <ClCompile Include="..\..\phrase_models\SrfNodeInfoMap.cc">
      <Filter>Source Files</Filter>
    </ClCompile>
    <ClCompile Include="..\..\phrase_models\SrfNodeKey.cc">
      <Filter>Source Files</Filter>
    </ClCompile>
    <ClCompile Include="..\..\phrase_models\TrgCutsTable.cc">
      <Filter>Source Files</Filter>
    </ClCompile>
    <ClCompile Include="..\..\phrase_models\TrgSegmLenTable.cc">
      <Filter>Source Files</Filter>
    </ClCompile>
    <ClCompile Include="..\..\phrase_models\CategPhrasePairFilter.cc">
      <Filter>Source Files</Filter>
    </ClCompile>
    <ClCompile Include="..\..\phrase_models\IncrPhraseModel.cc">
      <Filter>Source Files</Filter>
    </ClCompile>
    <ClCompile Include="..\..\phrase_models\StlPhraseTable.cc">
      <Filter>Source Files</Filter>
    </ClCompile>
    <ClCompile Include="..\..\phrase_models\StrictCategPhrasePairFilter.cc">
      <Filter>Source Files</Filter>
    </ClCompile>
    <ClCompile Include="..\..\phrase_models\PhraseExtractUtils.cc">
      <Filter>Source Files</Filter>
    </ClCompile>
    <ClCompile Include="..\..\phrase_models\HatTriePhraseTable.cc">
      <Filter>Source Files</Filter>
    </ClCompile>
  </ItemGroup>
</Project>