<?xml version="1.0" encoding="utf-8"?>
<Project ToolsVersion="4.0" xmlns="http://schemas.microsoft.com/developer/msbuild/2003">
  <ItemGroup>
    <Filter Include="Source Files">
      <UniqueIdentifier>{4FC737F1-C7A5-4376-A066-2A32D752A2FF}</UniqueIdentifier>
      <Extensions>cpp;c;cc;cxx;def;odl;idl;hpj;bat;asm;asmx</Extensions>
    </Filter>
    <Filter Include="Header Files">
      <UniqueIdentifier>{93995380-89BD-4b04-88EB-625FBE52EBFB}</UniqueIdentifier>
      <Extensions>h;hh;hpp;hxx;hm;inl;inc;xsd</Extensions>
    </Filter>
    <Filter Include="Resource Files">
      <UniqueIdentifier>{67DA6AB6-F800-4c08-8B7A-83BB121AAD01}</UniqueIdentifier>
      <Extensions>rc;ico;cur;bmp;dlg;rc2;rct;bin;rgs;gif;jpg;jpeg;jpe;resx;tiff;tif;png;wav;mfcribbon-ms</Extensions>
    </Filter>
  </ItemGroup>
  <ItemGroup>
    <ClInclude Include="..\..\stack_dec\_assistedTrans.h">
      <Filter>Header Files</Filter>
    </ClInclude>
    <ClInclude Include="..\..\stack_dec\_nbUncoupledAssistedTrans.h">
      <Filter>Header Files</Filter>
    </ClInclude>
    <ClInclude Include="..\..\stack_dec\_phraseBasedTransModel.h">
      <Filter>Header Files</Filter>
    </ClInclude>
    <ClInclude Include="..\..\stack_dec\_phraseHypothesis.h">
      <Filter>Header Files</Filter>
    </ClInclude>
    <ClInclude Include="..\..\stack_dec\_phraseHypothesisRec.h">
      <Filter>Header Files</Filter>
    </ClInclude>
    <ClInclude Include="..\..\stack_dec\_phrSwTransModel.h">
      <Filter>Header Files</Filter>
    </ClInclude>
    <ClInclude Include="..\..\stack_dec\_smtModel.h">
      <Filter>Header Files</Filter>
    </ClInclude>
    <ClInclude Include="..\..\stack_dec\_smtMultiStack.h">
      <Filter>Header Files</Filter>
    </ClInclude>
    <ClInclude Include="..\..\stack_dec\_smtStack.h">
      <Filter>Header Files</Filter>
    </ClInclude>
    <ClInclude Include="..\..\stack_dec\_stack_decoder_statistics.h">
      <Filter>Header Files</Filter>
    </ClInclude>
    <ClInclude Include="..\..\stack_dec\_stackDecoder.h">
      <Filter>Header Files</Filter>
    </ClInclude>
    <ClInclude Include="..\..\stack_dec\_stackDecoderRec.h">
      <Filter>Header Files</Filter>
    </ClInclude>
    <ClInclude Include="..\..\stack_dec\AssistedTransTypes.h">
      <Filter>Header Files</Filter>
    </ClInclude>
    <ClInclude Include="..\..\stack_dec\BaseAssistedTrans.h">
      <Filter>Header Files</Filter>
    </ClInclude>
    <ClInclude Include="..\..\stack_dec\BaseHypothesis.h">
      <Filter>Header Files</Filter>
    </ClInclude>
    <ClInclude Include="..\..\stack_dec\BaseHypothesisRec.h">
      <Filter>Header Files</Filter>
    </ClInclude>
    <ClInclude Include="..\..\stack_dec\BaseHypState.h">
      <Filter>Header Files</Filter>
    </ClInclude>
    <ClInclude Include="..\..\stack_dec\BasePbTransModel.h">
      <Filter>Header Files</Filter>
    </ClInclude>
    <ClInclude Include="..\..\stack_dec\BasePbTransModelStats.h">
      <Filter>Header Files</Filter>
    </ClInclude>
    <ClInclude Include="..\..\stack_dec\BasePhraseHypothesis.h">
      <Filter>Header Files</Filter>
    </ClInclude>
    <ClInclude Include="..\..\stack_dec\BasePhraseHypothesisRec.h">
      <Filter>Header Files</Filter>
    </ClInclude>
    <ClInclude Include="..\..\stack_dec\BaseSmtModel.h">
      <Filter>Header Files</Filter>
    </ClInclude>
    <ClInclude Include="..\..\stack_dec\BaseSmtMultiStack.h">
      <Filter>Header Files</Filter>
    </ClInclude>
    <ClInclude Include="..\..\stack_dec\BaseSmtStack.h">
      <Filter>Header Files</Filter>
    </ClInclude>
    <ClInclude Include="..\..\stack_dec\BaseStackDecoder.h">
      <Filter>Header Files</Filter>
    </ClInclude>
    <ClInclude Include="..\..\stack_dec\HypSortCriterion.h">
      <Filter>Header Files</Filter>
    </ClInclude>
    <ClInclude Include="..\..\stack_dec\HypStateDict.h">
      <Filter>Header Files</Filter>
    </ClInclude>
    <ClInclude Include="..\..\stack_dec\HypStateDictData.h">
      <Filter>Header Files</Filter>
    </ClInclude>
    <ClInclude Include="..\..\stack_dec\LangModelInfo.h">
      <Filter>Header Files</Filter>
    </ClInclude>
    <ClInclude Include="..\..\stack_dec\LangModelPars.h">
      <Filter>Header Files</Filter>
    </ClInclude>
    <ClInclude Include="..\..\stack_dec\MultiStackTypes.h">
      <Filter>Header Files</Filter>
    </ClInclude>
    <ClInclude Include="..\..\stack_dec\NgramCacheTable.h">
      <Filter>Header Files</Filter>
    </ClInclude>
    <ClInclude Include="..\..\stack_dec\OnlineTrainingPars.h">
      <Filter>Header Files</Filter>
    </ClInclude>
    <ClInclude Include="..\..\stack_dec\PhraseCacheTable.h">
      <Filter>Header Files</Filter>
    </ClInclude>
    <ClInclude Include="..\..\stack_dec\PhraseModelInfo.h">
      <Filter>Header Files</Filter>
    </ClInclude>
    <ClInclude Include="..\..\stack_dec\PhraseModelPars.h">
      <Filter>Header Files</Filter>
    </ClInclude>
    <ClInclude Include="..\..\stack_dec\PhrasePairCacheTable.h">
      <Filter>Header Files</Filter>
    </ClInclude>
    <ClInclude Include="..\..\stack_dec\PhrHypData.h">
      <Filter>Header Files</Filter>
    </ClInclude>
    <ClInclude Include="..\..\stack_dec\PhrHypEqClassF.h">
      <Filter>Header Files</Filter>
    </ClInclude>
    <ClInclude Include="..\..\stack_dec\PhrHypNumcovJumps01EqClassF.h">
      <Filter>Header Files</Filter>
    </ClInclude>
    <ClInclude Include="..\..\stack_dec\PhrHypNumcovJumpsEqClassF.h">
      <Filter>Header Files</Filter>
    </ClInclude>
    <ClInclude Include="..\..\stack_dec\PhrHypState.h">
      <Filter>Header Files</Filter>
    </ClInclude>
    <ClInclude Include="..\..\stack_dec\PhrLocalSwLiTm.h">
      <Filter>Header Files</Filter>
    </ClInclude>
    <ClInclude Include="..\..\stack_dec\PhrLocalSwLiTmHypRec.h">
      <Filter>Header Files</Filter>
    </ClInclude>
    <ClInclude Include="..\..\stack_dec\PhrNbestTransTable.h">
      <Filter>Header Files</Filter>
    </ClInclude>
    <ClInclude Include="..\..\stack_dec\PhrNbestTransTablePref.h">
      <Filter>Header Files</Filter>
    </ClInclude>
    <ClInclude Include="..\..\stack_dec\PhrNbestTransTablePrefKey.h">
      <Filter>Header Files</Filter>
    </ClInclude>
    <ClInclude Include="..\..\stack_dec\PhrNbestTransTableRef.h">
      <Filter>Header Files</Filter>
    </ClInclude>
    <ClInclude Include="..\..\stack_dec\PhrNbestTransTableRefKey.h">
      <Filter>Header Files</Filter>
    </ClInclude>
    <ClInclude Include="..\..\stack_dec\PhrScoreInfo.h">
      <Filter>Header Files</Filter>
    </ClInclude>
    <ClInclude Include="..\..\stack_dec\ScoreCompDefs.h">
      <Filter>Header Files</Filter>
    </ClInclude>
    <ClInclude Include="..\..\stack_dec\SmtDefs.h">
      <Filter>Header Files</Filter>
    </ClInclude>
    <ClInclude Include="..\..\stack_dec\SmtModelTypes.h">
      <Filter>Header Files</Filter>
    </ClInclude>
    <ClInclude Include="..\..\stack_dec\SmtMultiStackRec.h">
      <Filter>Header Files</Filter>
    </ClInclude>
    <ClInclude Include="..\..\stack_dec\SmtStack.h">
      <Filter>Header Files</Filter>
    </ClInclude>
    <ClInclude Include="..\..\stack_dec\SourceSegmentation.h">
      <Filter>Header Files</Filter>
    </ClInclude>
    <ClInclude Include="..\..\stack_dec\StackDecEcModelForNbUcatTypes.h">
      <Filter>Header Files</Filter>
    </ClInclude>
    <ClInclude Include="..\..\stack_dec\StackDecEcModelTypes.h">
      <Filter>Header Files</Filter>
    </ClInclude>
    <ClInclude Include="..\..\stack_dec\StackDecLmTypes.h">
      <Filter>Header Files</Filter>
    </ClInclude>
    <ClInclude Include="..\..\stack_dec\StackDecPbModelTypes.h">
      <Filter>Header Files</Filter>
    </ClInclude>
    <ClInclude Include="..\..\stack_dec\StackDecSwModelTypes.h">
      <Filter>Header Files</Filter>
    </ClInclude>
    <ClInclude Include="..\..\stack_dec\StackDecWgProcessorForAnlpTypes.h">
      <Filter>Header Files</Filter>
    </ClInclude>
    <ClInclude Include="..\..\stack_dec\SwModelInfo.h">
      <Filter>Header Files</Filter>
    </ClInclude>
    <ClInclude Include="..\..\stack_dec\SwModelPars.h">
      <Filter>Header Files</Filter>
    </ClInclude>
    <ClInclude Include="..\..\stack_dec\WgUncoupledAssistedTrans.h">
      <Filter>Header Files</Filter>
    </ClInclude>
    <ClInclude Include="..\..\stack_dec\WordPenaltyModel.h">
      <Filter>Header Files</Filter>
    </ClInclude>
    <ClInclude Include="..\..\stack_dec\WordPredictor.h">
      <Filter>Header Files</Filter>
    </ClInclude>
    <ClInclude Include="..\..\stack_dec\ThotDecoder.h">
      <Filter>Header Files</Filter>
    </ClInclude>
    <ClInclude Include="..\..\stack_dec\ThotDecoderCommonVars.h">
      <Filter>Header Files</Filter>
    </ClInclude>
    <ClInclude Include="..\..\stack_dec\ThotDecoderPerUserVars.h">
      <Filter>Header Files</Filter>
    </ClInclude>
    <ClInclude Include="..\..\stack_dec\ThotDecoderState.h">
      <Filter>Header Files</Filter>
    </ClInclude>
    <ClInclude Include="..\..\stack_dec\ThotDecoderUserPars.h">
      <Filter>Header Files</Filter>
    </ClInclude>
  </ItemGroup>
  <ItemGroup>
    <ClCompile Include="..\..\stack_dec\BaseHypState.cc">
      <Filter>Source Files</Filter>
    </ClCompile>
    <ClCompile Include="..\..\stack_dec\PhrHypEqClassF.cc">
      <Filter>Source Files</Filter>
    </ClCompile>
    <ClCompile Include="..\..\stack_dec\PhrHypNumcovJumps01EqClassF.cc">
      <Filter>Source Files</Filter>
    </ClCompile>
    <ClCompile Include="..\..\stack_dec\PhrHypNumcovJumpsEqClassF.cc">
      <Filter>Source Files</Filter>
    </ClCompile>
    <ClCompile Include="..\..\stack_dec\PhrHypState.cc">
      <Filter>Source Files</Filter>
    </ClCompile>
    <ClCompile Include="..\..\stack_dec\PhrLocalSwLiTm.cc">
      <Filter>Source Files</Filter>
    </ClCompile>
    <ClCompile Include="..\..\stack_dec\PhrNbestTransTablePrefKey.cc">
      <Filter>Source Files</Filter>
    </ClCompile>
    <ClCompile Include="..\..\stack_dec\PhrNbestTransTableRefKey.cc">
      <Filter>Source Files</Filter>
    </ClCompile>
    <ClCompile Include="..\..\stack_dec\PhrScoreInfo.cc">
      <Filter>Source Files</Filter>
    </ClCompile>
    <ClCompile Include="..\..\stack_dec\WordPenaltyModel.cc">
      <Filter>Source Files</Filter>
    </ClCompile>
    <ClCompile Include="..\..\stack_dec\WordPredictor.cc">
      <Filter>Source Files</Filter>
    </ClCompile>
    <ClCompile Include="..\..\stack_dec\ThotDecoder.cc">
      <Filter>Source Files</Filter>
    </ClCompile>
  </ItemGroup>
</Project>