<?xml version="1.0" encoding="utf-8"?>
<Project ToolsVersion="4.0" xmlns="http://schemas.microsoft.com/developer/msbuild/2003">
  <ItemGroup>
    <Filter Include="Source Files">
      <UniqueIdentifier>{4FC737F1-C7A5-4376-A066-2A32D752A2FF}</UniqueIdentifier>
      <Extensions>cpp;c;cc;cxx;def;odl;idl;hpj;bat;asm;asmx</Extensions>
    </Filter>
    <Filter Include="Header Files">
      <UniqueIdentifier>{93995380-89BD-4b04-88EB-625FBE52EBFB}</UniqueIdentifier>
      <Extensions>h;hh;hpp;hxx;hm;inl;inc;xsd</Extensions>
    </Filter>
    <Filter Include="Resource Files">
      <UniqueIdentifier>{67DA6AB6-F800-4c08-8B7A-83BB121AAD01}</UniqueIdentifier>
      <Extensions>rc;ico;cur;bmp;dlg;rc2;rct;bin;rgs;gif;jpg;jpeg;jpe;resx;tiff;tif;png;wav;mfcribbon-ms</Extensions>
    </Filter>
  </ItemGroup>
  <ItemGroup>
    <ClInclude Include="..\..\incr_models\_incrEncCondProbModel.h">
      <Filter>Header Files</Filter>
    </ClInclude>
    <ClInclude Include="..\..\incr_models\_incrInterpNgramLM.h">
      <Filter>Header Files</Filter>
    </ClInclude>
    <ClInclude Include="..\..\incr_models\_incrJelMerNgramLM.h">
      <Filter>Header Files</Filter>
    </ClInclude>
    <ClInclude Include="..\..\incr_models\_incrNgramLM.h">
      <Filter>Header Files</Filter>
    </ClInclude>
    <ClInclude Include="..\..\incr_models\BaseIncrCondProbModel.h">
      <Filter>Header Files</Filter>
    </ClInclude>
    <ClInclude Include="..\..\incr_models\BaseIncrCondProbTable.h">
      <Filter>Header Files</Filter>
    </ClInclude>
    <ClInclude Include="..\..\incr_models\BaseIncrEncCondProbModel.h">
      <Filter>Header Files</Filter>
    </ClInclude>
    <ClInclude Include="..\..\incr_models\BaseIncrEncoder.h">
      <Filter>Header Files</Filter>
    </ClInclude>
    <ClInclude Include="..\..\incr_models\FileHistInfo.h">
      <Filter>Header Files</Filter>
    </ClInclude>
    <ClInclude Include="..\..\incr_models\im_pair.h">
      <Filter>Header Files</Filter>
    </ClInclude>
    <ClInclude Include="..\..\incr_models\IncrCondProbTable.h">
      <Filter>Header Files</Filter>
    </ClInclude>
    <ClInclude Include="..\..\incr_models\IncrEncoder.h">
      <Filter>Header Files</Filter>
    </ClInclude>
    <ClInclude Include="..\..\incr_models\IncrInterpNgramLM.h">
      <Filter>Header Files</Filter>
    </ClInclude>
    <ClInclude Include="..\..\incr_models\IncrJelMerNgramLM.h">
      <Filter>Header Files</Filter>
    </ClInclude>
    <ClInclude Include="..\..\incr_models\IncrNgramLM.h">
      <Filter>Header Files</Filter>
    </ClInclude>
    <ClInclude Include="..\..\incr_models\lm_ienc.h">
      <Filter>Header Files</Filter>
    </ClInclude>
    <ClInclude Include="..\..\incr_models\vecx_x_incr_cptable.h">
      <Filter>Header Files</Filter>
    </ClInclude>
    <ClInclude Include="..\..\incr_models\vecx_x_incr_ecpm.h">
      <Filter>Header Files</Filter>
    </ClInclude>
    <ClInclude Include="..\..\incr_models\vecx_x_incr_enc.h">
      <Filter>Header Files</Filter>
    </ClInclude>
    <ClInclude Include="..\..\incr_models\BaseWordPenaltyModel.h">
      <Filter>Header Files</Filter>
    </ClInclude>
    <ClInclude Include="..\..\incr_models\WordPenaltyModel.h">
      <Filter>Header Files</Filter>
    </ClInclude>
    <ClInclude Include="..\..\incr_models\WordPredictor.h">
      <Filter>Header Files</Filter>
    </ClInclude>
  </ItemGroup>
  <ItemGroup>
    <ClCompile Include="..\..\incr_models\IncrInterpNgramLM.cc">
      <Filter>Source Files</Filter>
    </ClCompile>
    <ClCompile Include="..\..\incr_models\IncrJelMerNgramLM.cc">
      <Filter>Source Files</Filter>
    </ClCompile>
    <ClCompile Include="..\..\incr_models\IncrNgramLM.cc">
      <Filter>Source Files</Filter>
    </ClCompile>
    <ClCompile Include="..\..\incr_models\lm_ienc.cc">
      <Filter>Source Files</Filter>
    </ClCompile>
    <ClCompile Include="..\..\incr_models\WordPenaltyModel.cc">
      <Filter>Source Files</Filter>
    </ClCompile>
    <ClCompile Include="..\..\incr_models\WordPredictor.cc">
      <Filter>Source Files</Filter>
    </ClCompile>
    <ClCompile Include="..\..\incr_models\_incrInterpNgramLM.cc">
      <Filter>Source Files</Filter>
    </ClCompile>
  </ItemGroup>
</Project>