
Microsoft Visual Studio Solution File, Format Version 12.00
# Visual Studio 14
VisualStudioVersion = 14.0.25420.1
MinimumVisualStudioVersion = 10.0.40219.1
Project("{8BC9CEB8-8B4A-11D0-8D11-00A0C91BC942}") = "thot", "thot\thot.vcxproj", "{A31B74A6-979C-49E7-B77D-38F900F1FE27}"
	ProjectSection(ProjectDependencies) = postProject
		{686D1A02-A72A-46E5-8A4A-6D44E469FB7F} = {686D1A02-A72A-46E5-8A4A-6D44E469FB7F}
		{62AA2485-D440-460A-9B0D-D057BF0FA651} = {62AA2485-D440-460A-9B0D-D057BF0FA651}
	EndProjectSection
EndProject
Project("{8BC9CEB8-8B4A-11D0-8D11-00A0C91BC942}") = "phrase_models", "phrase_models\phrase_models.vcxproj", "{686D1A02-A72A-46E5-8A4A-6D44E469FB7F}"
EndProject
Project("{8BC9CEB8-8B4A-11D0-8D11-00A0C91BC942}") = "nlp_common", "nlp_common\nlp_common.vcxproj", "{62AA2485-D440-460A-9B0D-D057BF0FA651}"
EndProject
Project("{8BC9CEB8-8B4A-11D0-8D11-00A0C91BC942}") = "stack_dec", "stack_dec\stack_dec.vcxproj", "{3240BE3B-5869-4D1D-8F83-F32CC1299F7D}"
EndProject
Project("{8BC9CEB8-8B4A-11D0-8D11-00A0C91BC942}") = "incr_models", "incr_models\incr_models.vcxproj", "{77113B2B-8035-4CB3-A78B-20C84B76756A}"
EndProject
Project("{8BC9CEB8-8B4A-11D0-8D11-00A0C91BC942}") = "error_correction", "error_correction\error_correction.vcxproj", "{58B59299-B760-4E23-A908-C1E8850562E9}"
EndProject
Project("{8BC9CEB8-8B4A-11D0-8D11-00A0C91BC942}") = "sw_models", "sw_models\sw_models.vcxproj", "{D1E778EE-BDD3-4CE6-A7A2-4CCF2AE87973}"
EndProject
Project("{8BC9CEB8-8B4A-11D0-8D11-00A0C91BC942}") = "smt_preproc", "smt_preproc\smt_preproc.vcxproj", "{463907C5-47D8-4775-8CA7-0618068F5B64}"
EndProject
Project("{8BC9CEB8-8B4A-11D0-8D11-00A0C91BC942}") = "downhill_simplex", "downhill_simplex\downhill_simplex.vcxproj", "{229ED0BB-99A9-4B71-916C-C6BA901233B5}"
EndProject
Project("{8BC9CEB8-8B4A-11D0-8D11-00A0C91BC942}") = "dlfcn", "dlfcn\dlfcn.vcxproj", "{2D46B9BE-7A1F-420D-9F12-E71764AB60C1}"
EndProject
Global
	GlobalSection(SolutionConfigurationPlatforms) = preSolution
		Debug|Win32 = Debug|Win32
		Debug|x64 = Debug|x64
		Release|Win32 = Release|Win32
		Release|x64 = Release|x64
	EndGlobalSection
	GlobalSection(ProjectConfigurationPlatforms) = postSolution
		{A31B74A6-979C-49E7-B77D-38F900F1FE27}.Debug|Win32.ActiveCfg = Debug|Win32
		{A31B74A6-979C-49E7-B77D-38F900F1FE27}.Debug|Win32.Build.0 = Debug|Win32
		{A31B74A6-979C-49E7-B77D-38F900F1FE27}.Debug|x64.ActiveCfg = Debug|x64
		{A31B74A6-979C-49E7-B77D-38F900F1FE27}.Debug|x64.Build.0 = Debug|x64
		{A31B74A6-979C-49E7-B77D-38F900F1FE27}.Release|Win32.ActiveCfg = Release|Win32
		{A31B74A6-979C-49E7-B77D-38F900F1FE27}.Release|Win32.Build.0 = Release|Win32
		{A31B74A6-979C-49E7-B77D-38F900F1FE27}.Release|x64.ActiveCfg = Release|x64
		{A31B74A6-979C-49E7-B77D-38F900F1FE27}.Release|x64.Build.0 = Release|x64
		{686D1A02-A72A-46E5-8A4A-6D44E469FB7F}.Debug|Win32.ActiveCfg = Debug|Win32
		{686D1A02-A72A-46E5-8A4A-6D44E469FB7F}.Debug|Win32.Build.0 = Debug|Win32
		{686D1A02-A72A-46E5-8A4A-6D44E469FB7F}.Debug|x64.ActiveCfg = Debug|x64
		{686D1A02-A72A-46E5-8A4A-6D44E469FB7F}.Debug|x64.Build.0 = Debug|x64
		{686D1A02-A72A-46E5-8A4A-6D44E469FB7F}.Release|Win32.ActiveCfg = Release|Win32
		{686D1A02-A72A-46E5-8A4A-6D44E469FB7F}.Release|Win32.Build.0 = Release|Win32
		{686D1A02-A72A-46E5-8A4A-6D44E469FB7F}.Release|x64.ActiveCfg = Release|x64
		{686D1A02-A72A-46E5-8A4A-6D44E469FB7F}.Release|x64.Build.0 = Release|x64
		{62AA2485-D440-460A-9B0D-D057BF0FA651}.Debug|Win32.ActiveCfg = Debug|Win32
		{62AA2485-D440-460A-9B0D-D057BF0FA651}.Debug|Win32.Build.0 = Debug|Win32
		{62AA2485-D440-460A-9B0D-D057BF0FA651}.Debug|x64.ActiveCfg = Debug|x64
		{62AA2485-D440-460A-9B0D-D057BF0FA651}.Debug|x64.Build.0 = Debug|x64
		{62AA2485-D440-460A-9B0D-D057BF0FA651}.Release|Win32.ActiveCfg = Release|Win32
		{62AA2485-D440-460A-9B0D-D057BF0FA651}.Release|Win32.Build.0 = Release|Win32
		{62AA2485-D440-460A-9B0D-D057BF0FA651}.Release|x64.ActiveCfg = Release|x64
		{62AA2485-D440-460A-9B0D-D057BF0FA651}.Release|x64.Build.0 = Release|x64
		{3240BE3B-5869-4D1D-8F83-F32CC1299F7D}.Debug|Win32.ActiveCfg = Debug|Win32
		{3240BE3B-5869-4D1D-8F83-F32CC1299F7D}.Debug|Win32.Build.0 = Debug|Win32
		{3240BE3B-5869-4D1D-8F83-F32CC1299F7D}.Debug|x64.ActiveCfg = Debug|x64
		{3240BE3B-5869-4D1D-8F83-F32CC1299F7D}.Debug|x64.Build.0 = Debug|x64
		{3240BE3B-5869-4D1D-8F83-F32CC1299F7D}.Release|Win32.ActiveCfg = Release|Win32
		{3240BE3B-5869-4D1D-8F83-F32CC1299F7D}.Release|Win32.Build.0 = Release|Win32
		{3240BE3B-5869-4D1D-8F83-F32CC1299F7D}.Release|x64.ActiveCfg = Release|x64
		{3240BE3B-5869-4D1D-8F83-F32CC1299F7D}.Release|x64.Build.0 = Release|x64
		{77113B2B-8035-4CB3-A78B-20C84B76756A}.Debug|Win32.ActiveCfg = Debug|Win32
		{77113B2B-8035-4CB3-A78B-20C84B76756A}.Debug|Win32.Build.0 = Debug|Win32
		{77113B2B-8035-4CB3-A78B-20C84B76756A}.Debug|x64.ActiveCfg = Debug|x64
		{77113B2B-8035-4CB3-A78B-20C84B76756A}.Debug|x64.Build.0 = Debug|x64
		{77113B2B-8035-4CB3-A78B-20C84B76756A}.Release|Win32.ActiveCfg = Release|Win32
		{77113B2B-8035-4CB3-A78B-20C84B76756A}.Release|Win32.Build.0 = Release|Win32
		{77113B2B-8035-4CB3-A78B-20C84B76756A}.Release|x64.ActiveCfg = Release|x64
		{77113B2B-8035-4CB3-A78B-20C84B76756A}.Release|x64.Build.0 = Release|x64
		{58B59299-B760-4E23-A908-C1E8850562E9}.Debug|Win32.ActiveCfg = Debug|Win32
		{58B59299-B760-4E23-A908-C1E8850562E9}.Debug|Win32.Build.0 = Debug|Win32
		{58B59299-B760-4E23-A908-C1E8850562E9}.Debug|x64.ActiveCfg = Debug|x64
		{58B59299-B760-4E23-A908-C1E8850562E9}.Debug|x64.Build.0 = Debug|x64
		{58B59299-B760-4E23-A908-C1E8850562E9}.Release|Win32.ActiveCfg = Release|Win32
		{58B59299-B760-4E23-A908-C1E8850562E9}.Release|Win32.Build.0 = Release|Win32
		{58B59299-B760-4E23-A908-C1E8850562E9}.Release|x64.ActiveCfg = Release|x64
		{58B59299-B760-4E23-A908-C1E8850562E9}.Release|x64.Build.0 = Release|x64
		{D1E778EE-BDD3-4CE6-A7A2-4CCF2AE87973}.Debug|Win32.ActiveCfg = Debug|Win32
		{D1E778EE-BDD3-4CE6-A7A2-4CCF2AE87973}.Debug|Win32.Build.0 = Debug|Win32
		{D1E778EE-BDD3-4CE6-A7A2-4CCF2AE87973}.Debug|x64.ActiveCfg = Debug|x64
		{D1E778EE-BDD3-4CE6-A7A2-4CCF2AE87973}.Debug|x64.Build.0 = Debug|x64
		{D1E778EE-BDD3-4CE6-A7A2-4CCF2AE87973}.Release|Win32.ActiveCfg = Release|Win32
		{D1E778EE-BDD3-4CE6-A7A2-4CCF2AE87973}.Release|Win32.Build.0 = Release|Win32
		{D1E778EE-BDD3-4CE6-A7A2-4CCF2AE87973}.Release|x64.ActiveCfg = Release|x64
		{D1E778EE-BDD3-4CE6-A7A2-4CCF2AE87973}.Release|x64.Build.0 = Release|x64
		{463907C5-47D8-4775-8CA7-0618068F5B64}.Debug|Win32.ActiveCfg = Debug|Win32
		{463907C5-47D8-4775-8CA7-0618068F5B64}.Debug|Win32.Build.0 = Debug|Win32
		{463907C5-47D8-4775-8CA7-0618068F5B64}.Debug|x64.ActiveCfg = Debug|x64
		{463907C5-47D8-4775-8CA7-0618068F5B64}.Debug|x64.Build.0 = Debug|x64
		{463907C5-47D8-4775-8CA7-0618068F5B64}.Release|Win32.ActiveCfg = Release|Win32
		{463907C5-47D8-4775-8CA7-0618068F5B64}.Release|Win32.Build.0 = Release|Win32
		{463907C5-47D8-4775-8CA7-0618068F5B64}.Release|x64.ActiveCfg = Release|x64
		{463907C5-47D8-4775-8CA7-0618068F5B64}.Release|x64.Build.0 = Release|x64
		{229ED0BB-99A9-4B71-916C-C6BA901233B5}.Debug|Win32.ActiveCfg = Debug|Win32
		{229ED0BB-99A9-4B71-916C-C6BA901233B5}.Debug|Win32.Build.0 = Debug|Win32
		{229ED0BB-99A9-4B71-916C-C6BA901233B5}.Debug|x64.ActiveCfg = Debug|x64
		{229ED0BB-99A9-4B71-916C-C6BA901233B5}.Debug|x64.Build.0 = Debug|x64
		{229ED0BB-99A9-4B71-916C-C6BA901233B5}.Release|Win32.ActiveCfg = Release|Win32
		{229ED0BB-99A9-4B71-916C-C6BA901233B5}.Release|Win32.Build.0 = Release|Win32
		{229ED0BB-99A9-4B71-916C-C6BA901233B5}.Release|x64.ActiveCfg = Release|x64
		{229ED0BB-99A9-4B71-916C-C6BA901233B5}.Release|x64.Build.0 = Release|x64
		{2D46B9BE-7A1F-420D-9F12-E71764AB60C1}.Debug|Win32.ActiveCfg = Debug|Win32
		{2D46B9BE-7A1F-420D-9F12-E71764AB60C1}.Debug|Win32.Build.0 = Debug|Win32
		{2D46B9BE-7A1F-420D-9F12-E71764AB60C1}.Debug|x64.ActiveCfg = Debug|x64
		{2D46B9BE-7A1F-420D-9F12-E71764AB60C1}.Debug|x64.Build.0 = Debug|x64
		{2D46B9BE-7A1F-420D-9F12-E71764AB60C1}.Release|Win32.ActiveCfg = Release|Win32
		{2D46B9BE-7A1F-420D-9F12-E71764AB60C1}.Release|Win32.Build.0 = Release|Win32
		{2D46B9BE-7A1F-420D-9F12-E71764AB60C1}.Release|x64.ActiveCfg = Release|x64
		{2D46B9BE-7A1F-420D-9F12-E71764AB60C1}.Release|x64.Build.0 = Release|x64
	EndGlobalSection
	GlobalSection(SolutionProperties) = preSolution
		HideSolutionNode = FALSE
	EndGlobalSection
EndGlobal
